// !$*UTF8*$!
{
	archiveVersion = 1;
	classes = {
	};
	objectVersion = 55;
	objects = {

/* Begin PBXBuildFile section */
		4A90896A0B694305DF2B15C7 /* Pods_CatsApp.framework in Frameworks */ = {isa = PBXBuildFile; fileRef = DEA52AF78825DC4924457C8A /* Pods_CatsApp.framework */; };
		FEB054F82847FCC0001DF78D /* AppDelegate.swift in Sources */ = {isa = PBXBuildFile; fileRef = FEB054F72847FCC0001DF78D /* AppDelegate.swift */; };
		FEB054FA2847FCC0001DF78D /* SceneDelegate.swift in Sources */ = {isa = PBXBuildFile; fileRef = FEB054F92847FCC0001DF78D /* SceneDelegate.swift */; };
		FEB054FC2847FCC0001DF78D /* SettingsViewController.swift in Sources */ = {isa = PBXBuildFile; fileRef = FEB054FB2847FCC0001DF78D /* SettingsViewController.swift */; };
		FEB054FF2847FCC0001DF78D /* Main.storyboard in Resources */ = {isa = PBXBuildFile; fileRef = FEB054FD2847FCC0001DF78D /* Main.storyboard */; };
		FEB055012847FCC3001DF78D /* Assets.xcassets in Resources */ = {isa = PBXBuildFile; fileRef = FEB055002847FCC3001DF78D /* Assets.xcassets */; };
		FEB055042847FCC3001DF78D /* LaunchScreen.storyboard in Resources */ = {isa = PBXBuildFile; fileRef = FEB055022847FCC3001DF78D /* LaunchScreen.storyboard */; };
		FEB0550C2847FFDF001DF78D /* CatFact.swift in Sources */ = {isa = PBXBuildFile; fileRef = FEB0550B2847FFDF001DF78D /* CatFact.swift */; };
		FEB0550E2848034D001DF78D /* NetworkManager.swift in Sources */ = {isa = PBXBuildFile; fileRef = FEB0550D2848034D001DF78D /* NetworkManager.swift */; };
		FEB0551028480689001DF78D /* UrlManager.swift in Sources */ = {isa = PBXBuildFile; fileRef = FEB0550F28480689001DF78D /* UrlManager.swift */; };
		FEB055122848EC1A001DF78D /* ResultViewController.swift in Sources */ = {isa = PBXBuildFile; fileRef = FEB055112848EC1A001DF78D /* ResultViewController.swift */; };
		FEB055142848ED06001DF78D /* ImageManager.swift in Sources */ = {isa = PBXBuildFile; fileRef = FEB055132848ED06001DF78D /* ImageManager.swift */; };
/* End PBXBuildFile section */

/* Begin PBXFileReference section */
		9E476DF4BC0FAD0B1A8DC0EA /* Pods-CatsApp.debug.xcconfig */ = {isa = PBXFileReference; includeInIndex = 1; lastKnownFileType = text.xcconfig; name = "Pods-CatsApp.debug.xcconfig"; path = "Target Support Files/Pods-CatsApp/Pods-CatsApp.debug.xcconfig"; sourceTree = "<group>"; };
		B3F354BCBD57FE2478B6FD6D /* Pods-CatsApp.release.xcconfig */ = {isa = PBXFileReference; includeInIndex = 1; lastKnownFileType = text.xcconfig; name = "Pods-CatsApp.release.xcconfig"; path = "Target Support Files/Pods-CatsApp/Pods-CatsApp.release.xcconfig"; sourceTree = "<group>"; };
		DEA52AF78825DC4924457C8A /* Pods_CatsApp.framework */ = {isa = PBXFileReference; explicitFileType = wrapper.framework; includeInIndex = 0; path = Pods_CatsApp.framework; sourceTree = BUILT_PRODUCTS_DIR; };
		FEB054F42847FCC0001DF78D /* CatsApp.app */ = {isa = PBXFileReference; explicitFileType = wrapper.application; includeInIndex = 0; path = CatsApp.app; sourceTree = BUILT_PRODUCTS_DIR; };
		FEB054F72847FCC0001DF78D /* AppDelegate.swift */ = {isa = PBXFileReference; lastKnownFileType = sourcecode.swift; path = AppDelegate.swift; sourceTree = "<group>"; };
		FEB054F92847FCC0001DF78D /* SceneDelegate.swift */ = {isa = PBXFileReference; lastKnownFileType = sourcecode.swift; path = SceneDelegate.swift; sourceTree = "<group>"; };
		FEB054FB2847FCC0001DF78D /* SettingsViewController.swift */ = {isa = PBXFileReference; lastKnownFileType = sourcecode.swift; path = SettingsViewController.swift; sourceTree = "<group>"; };
		FEB054FE2847FCC0001DF78D /* Base */ = {isa = PBXFileReference; lastKnownFileType = file.storyboard; name = Base; path = Base.lproj/Main.storyboard; sourceTree = "<group>"; };
		FEB055002847FCC3001DF78D /* Assets.xcassets */ = {isa = PBXFileReference; lastKnownFileType = folder.assetcatalog; path = Assets.xcassets; sourceTree = "<group>"; };
		FEB055032847FCC3001DF78D /* Base */ = {isa = PBXFileReference; lastKnownFileType = file.storyboard; name = Base; path = Base.lproj/LaunchScreen.storyboard; sourceTree = "<group>"; };
		FEB055052847FCC3001DF78D /* Info.plist */ = {isa = PBXFileReference; lastKnownFileType = text.plist.xml; path = Info.plist; sourceTree = "<group>"; };
		FEB0550B2847FFDF001DF78D /* CatFact.swift */ = {isa = PBXFileReference; lastKnownFileType = sourcecode.swift; path = CatFact.swift; sourceTree = "<group>"; };
		FEB0550D2848034D001DF78D /* NetworkManager.swift */ = {isa = PBXFileReference; lastKnownFileType = sourcecode.swift; path = NetworkManager.swift; sourceTree = "<group>"; };
		FEB0550F28480689001DF78D /* UrlManager.swift */ = {isa = PBXFileReference; lastKnownFileType = sourcecode.swift; path = UrlManager.swift; sourceTree = "<group>"; };
		FEB055112848EC1A001DF78D /* ResultViewController.swift */ = {isa = PBXFileReference; lastKnownFileType = sourcecode.swift; path = ResultViewController.swift; sourceTree = "<group>"; };
		FEB055132848ED06001DF78D /* ImageManager.swift */ = {isa = PBXFileReference; lastKnownFileType = sourcecode.swift; path = ImageManager.swift; sourceTree = "<group>"; };
/* End PBXFileReference section */

/* Begin PBXFrameworksBuildPhase section */
		FEB054F12847FCC0001DF78D /* Frameworks */ = {
			isa = PBXFrameworksBuildPhase;
			buildActionMask = 2147483647;
			files = (
				4A90896A0B694305DF2B15C7 /* Pods_CatsApp.framework in Frameworks */,
			);
			runOnlyForDeploymentPostprocessing = 0;
		};
/* End PBXFrameworksBuildPhase section */

/* Begin PBXGroup section */
		77D2165948728FA86B4F37E7 /* Pods */ = {
			isa = PBXGroup;
			children = (
				9E476DF4BC0FAD0B1A8DC0EA /* Pods-CatsApp.debug.xcconfig */,
				B3F354BCBD57FE2478B6FD6D /* Pods-CatsApp.release.xcconfig */,
			);
			path = Pods;
			sourceTree = "<group>";
		};
		A2A1A42266C432DF7E269DA9 /* Frameworks */ = {
			isa = PBXGroup;
			children = (
				DEA52AF78825DC4924457C8A /* Pods_CatsApp.framework */,
			);
			name = Frameworks;
			sourceTree = "<group>";
		};
		FEB054EB2847FCC0001DF78D = {
			isa = PBXGroup;
			children = (
				FEB054F62847FCC0001DF78D /* CatsApp */,
				FEB054F52847FCC0001DF78D /* Products */,
				77D2165948728FA86B4F37E7 /* Pods */,
				A2A1A42266C432DF7E269DA9 /* Frameworks */,
			);
			sourceTree = "<group>";
		};
		FEB054F52847FCC0001DF78D /* Products */ = {
			isa = PBXGroup;
			children = (
				FEB054F42847FCC0001DF78D /* CatsApp.app */,
			);
			name = Products;
			sourceTree = "<group>";
		};
		FEB054F62847FCC0001DF78D /* CatsApp */ = {
			isa = PBXGroup;
			children = (
				FEB055152848EFBC001DF78D /* App */,
				FEB055162848EFC7001DF78D /* ViewControllers */,
				FEB055172848EFD6001DF78D /* Storyboards */,
				FEB055182848EFE1001DF78D /* Assets */,
				FEB055052847FCC3001DF78D /* Info.plist */,
				FEB055192848EFF0001DF78D /* Models */,
				FEB0551A2848EFFD001DF78D /* Services */,
			);
			path = CatsApp;
			sourceTree = "<group>";
		};
		FEB055152848EFBC001DF78D /* App */ = {
			isa = PBXGroup;
			children = (
				FEB054F72847FCC0001DF78D /* AppDelegate.swift */,
				FEB054F92847FCC0001DF78D /* SceneDelegate.swift */,
			);
			path = App;
			sourceTree = "<group>";
		};
		FEB055162848EFC7001DF78D /* ViewControllers */ = {
			isa = PBXGroup;
			children = (
				FEB054FB2847FCC0001DF78D /* SettingsViewController.swift */,
				FEB055112848EC1A001DF78D /* ResultViewController.swift */,
			);
			path = ViewControllers;
			sourceTree = "<group>";
		};
		FEB055172848EFD6001DF78D /* Storyboards */ = {
			isa = PBXGroup;
			children = (
				FEB054FD2847FCC0001DF78D /* Main.storyboard */,
				FEB055022847FCC3001DF78D /* LaunchScreen.storyboard */,
			);
			path = Storyboards;
			sourceTree = "<group>";
		};
		FEB055182848EFE1001DF78D /* Assets */ = {
			isa = PBXGroup;
			children = (
				FEB055002847FCC3001DF78D /* Assets.xcassets */,
			);
			path = Assets;
			sourceTree = "<group>";
		};
		FEB055192848EFF0001DF78D /* Models */ = {
			isa = PBXGroup;
			children = (
				FEB0550B2847FFDF001DF78D /* CatFact.swift */,
			);
			path = Models;
			sourceTree = "<group>";
		};
		FEB0551A2848EFFD001DF78D /* Services */ = {
			isa = PBXGroup;
			children = (
				FEB0550D2848034D001DF78D /* NetworkManager.swift */,
				FEB0550F28480689001DF78D /* UrlManager.swift */,
				FEB055132848ED06001DF78D /* ImageManager.swift */,
			);
			path = Services;
			sourceTree = "<group>";
		};
/* End PBXGroup section */

/* Begin PBXNativeTarget section */
		FEB054F32847FCC0001DF78D /* CatsApp */ = {
			isa = PBXNativeTarget;
			buildConfigurationList = FEB055082847FCC3001DF78D /* Build configuration list for PBXNativeTarget "CatsApp" */;
			buildPhases = (
				A68D3D36FCB3C625ECC4DA17 /* [CP] Check Pods Manifest.lock */,
				FEB054F02847FCC0001DF78D /* Sources */,
				FEB054F12847FCC0001DF78D /* Frameworks */,
				FEB054F22847FCC0001DF78D /* Resources */,
				781F3D4AA1BC0B71F8DDB6AF /* [CP] Embed Pods Frameworks */,
			);
			buildRules = (
			);
			dependencies = (
			);
			name = CatsApp;
			productName = CatsApp;
			productReference = FEB054F42847FCC0001DF78D /* CatsApp.app */;
			productType = "com.apple.product-type.application";
		};
/* End PBXNativeTarget section */

/* Begin PBXProject section */
		FEB054EC2847FCC0001DF78D /* Project object */ = {
			isa = PBXProject;
			attributes = {
				BuildIndependentTargetsInParallel = 1;
				LastSwiftUpdateCheck = 1320;
				LastUpgradeCheck = 1320;
				TargetAttributes = {
					FEB054F32847FCC0001DF78D = {
						CreatedOnToolsVersion = 13.2.1;
					};
				};
			};
			buildConfigurationList = FEB054EF2847FCC0001DF78D /* Build configuration list for PBXProject "CatsApp" */;
			compatibilityVersion = "Xcode 13.0";
			developmentRegion = en;
			hasScannedForEncodings = 0;
			knownRegions = (
				en,
				Base,
			);
			mainGroup = FEB054EB2847FCC0001DF78D;
			productRefGroup = FEB054F52847FCC0001DF78D /* Products */;
			projectDirPath = "";
			projectRoot = "";
			targets = (
				FEB054F32847FCC0001DF78D /* CatsApp */,
			);
		};
/* End PBXProject section */

/* Begin PBXResourcesBuildPhase section */
		FEB054F22847FCC0001DF78D /* Resources */ = {
			isa = PBXResourcesBuildPhase;
			buildActionMask = 2147483647;
			files = (
				FEB055042847FCC3001DF78D /* LaunchScreen.storyboard in Resources */,
				FEB055012847FCC3001DF78D /* Assets.xcassets in Resources */,
				FEB054FF2847FCC0001DF78D /* Main.storyboard in Resources */,
			);
			runOnlyForDeploymentPostprocessing = 0;
		};
/* End PBXResourcesBuildPhase section */

/* Begin PBXShellScriptBuildPhase section */
		781F3D4AA1BC0B71F8DDB6AF /* [CP] Embed Pods Frameworks */ = {
			isa = PBXShellScriptBuildPhase;
			buildActionMask = 2147483647;
			files = (
			);
			inputFileListPaths = (
				"${PODS_ROOT}/Target Support Files/Pods-CatsApp/Pods-CatsApp-frameworks-${CONFIGURATION}-input-files.xcfilelist",
			);
			name = "[CP] Embed Pods Frameworks";
			outputFileListPaths = (
				"${PODS_ROOT}/Target Support Files/Pods-CatsApp/Pods-CatsApp-frameworks-${CONFIGURATION}-output-files.xcfilelist",
			);
			runOnlyForDeploymentPostprocessing = 0;
			shellPath = /bin/sh;
			shellScript = "\"${PODS_ROOT}/Target Support Files/Pods-CatsApp/Pods-CatsApp-frameworks.sh\"\n";
			showEnvVarsInLog = 0;
		};
		A68D3D36FCB3C625ECC4DA17 /* [CP] Check Pods Manifest.lock */ = {
			isa = PBXShellScriptBuildPhase;
			buildActionMask = 2147483647;
			files = (
			);
			inputFileListPaths = (
			);
			inputPaths = (
				"${PODS_PODFILE_DIR_PATH}/Podfile.lock",
				"${PODS_ROOT}/Manifest.lock",
			);
			name = "[CP] Check Pods Manifest.lock";
			outputFileListPaths = (
			);
			outputPaths = (
				"$(DERIVED_FILE_DIR)/Pods-CatsApp-checkManifestLockResult.txt",
			);
			runOnlyForDeploymentPostprocessing = 0;
			shellPath = /bin/sh;
			shellScript = "diff \"${PODS_PODFILE_DIR_PATH}/Podfile.lock\" \"${PODS_ROOT}/Manifest.lock\" > /dev/null\nif [ $? != 0 ] ; then\n    # print error to STDERR\n    echo \"error: The sandbox is not in sync with the Podfile.lock. Run 'pod install' or update your CocoaPods installation.\" >&2\n    exit 1\nfi\n# This output is used by Xcode 'outputs' to avoid re-running this script phase.\necho \"SUCCESS\" > \"${SCRIPT_OUTPUT_FILE_0}\"\n";
			showEnvVarsInLog = 0;
		};
/* End PBXShellScriptBuildPhase section */

/* Begin PBXSourcesBuildPhase section */
		FEB054F02847FCC0001DF78D /* Sources */ = {
			isa = PBXSourcesBuildPhase;
			buildActionMask = 2147483647;
			files = (
				FEB054FC2847FCC0001DF78D /* SettingsViewController.swift in Sources */,
				FEB0551028480689001DF78D /* UrlManager.swift in Sources */,
				FEB055122848EC1A001DF78D /* ResultViewController.swift in Sources */,
				FEB055142848ED06001DF78D /* ImageManager.swift in Sources */,
				FEB054F82847FCC0001DF78D /* AppDelegate.swift in Sources */,
				FEB0550E2848034D001DF78D /* NetworkManager.swift in Sources */,
				FEB0550C2847FFDF001DF78D /* CatFact.swift in Sources */,
				FEB054FA2847FCC0001DF78D /* SceneDelegate.swift in Sources */,
			);
			runOnlyForDeploymentPostprocessing = 0;
		};
/* End PBXSourcesBuildPhase section */

/* Begin PBXVariantGroup section */
		FEB054FD2847FCC0001DF78D /* Main.storyboard */ = {
			isa = PBXVariantGroup;
			children = (
				FEB054FE2847FCC0001DF78D /* Base */,
			);
			name = Main.storyboard;
			sourceTree = "<group>";
		};
		FEB055022847FCC3001DF78D /* LaunchScreen.storyboard */ = {
			isa = PBXVariantGroup;
			children = (
				FEB055032847FCC3001DF78D /* Base */,
			);
			name = LaunchScreen.storyboard;
			sourceTree = "<group>";
		};
/* End PBXVariantGroup section */

/* Begin XCBuildConfiguration section */
		FEB055062847FCC3001DF78D /* Debug */ = {
			isa = XCBuildConfiguration;
			buildSettings = {
				ALWAYS_SEARCH_USER_PATHS = NO;
				CLANG_ANALYZER_NONNULL = YES;
				CLANG_ANALYZER_NUMBER_OBJECT_CONVERSION = YES_AGGRESSIVE;
				CLANG_CXX_LANGUAGE_STANDARD = "gnu++17";
				CLANG_CXX_LIBRARY = "libc++";
				CLANG_ENABLE_MODULES = YES;
				CLANG_ENABLE_OBJC_ARC = YES;
				CLANG_ENABLE_OBJC_WEAK = YES;
				CLANG_WARN_BLOCK_CAPTURE_AUTORELEASING = YES;
				CLANG_WARN_BOOL_CONVERSION = YES;
				CLANG_WARN_COMMA = YES;
				CLANG_WARN_CONSTANT_CONVERSION = YES;
				CLANG_WARN_DEPRECATED_OBJC_IMPLEMENTATIONS = YES;
				CLANG_WARN_DIRECT_OBJC_ISA_USAGE = YES_ERROR;
				CLANG_WARN_DOCUMENTATION_COMMENTS = YES;
				CLANG_WARN_EMPTY_BODY = YES;
				CLANG_WARN_ENUM_CONVERSION = YES;
				CLANG_WARN_INFINITE_RECURSION = YES;
				CLANG_WARN_INT_CONVERSION = YES;
				CLANG_WARN_NON_LITERAL_NULL_CONVERSION = YES;
				CLANG_WARN_OBJC_IMPLICIT_RETAIN_SELF = YES;
				CLANG_WARN_OBJC_LITERAL_CONVERSION = YES;
				CLANG_WARN_OBJC_ROOT_CLASS = YES_ERROR;
				CLANG_WARN_QUOTED_INCLUDE_IN_FRAMEWORK_HEADER = YES;
				CLANG_WARN_RANGE_LOOP_ANALYSIS = YES;
				CLANG_WARN_STRICT_PROTOTYPES = YES;
				CLANG_WARN_SUSPICIOUS_MOVE = YES;
				CLANG_WARN_UNGUARDED_AVAILABILITY = YES_AGGRESSIVE;
				CLANG_WARN_UNREACHABLE_CODE = YES;
				CLANG_WARN__DUPLICATE_METHOD_MATCH = YES;
				COPY_PHASE_STRIP = NO;
				DEBUG_INFORMATION_FORMAT = dwarf;
				ENABLE_STRICT_OBJC_MSGSEND = YES;
				ENABLE_TESTABILITY = YES;
				GCC_C_LANGUAGE_STANDARD = gnu11;
				GCC_DYNAMIC_NO_PIC = NO;
				GCC_NO_COMMON_BLOCKS = YES;
				GCC_OPTIMIZATION_LEVEL = 0;
				GCC_PREPROCESSOR_DEFINITIONS = (
					"DEBUG=1",
					"$(inherited)",
				);
				GCC_WARN_64_TO_32_BIT_CONVERSION = YES;
				GCC_WARN_ABOUT_RETURN_TYPE = YES_ERROR;
				GCC_WARN_UNDECLARED_SELECTOR = YES;
				GCC_WARN_UNINITIALIZED_AUTOS = YES_AGGRESSIVE;
				GCC_WARN_UNUSED_FUNCTION = YES;
				GCC_WARN_UNUSED_VARIABLE = YES;
				IPHONEOS_DEPLOYMENT_TARGET = 15.2;
				MTL_ENABLE_DEBUG_INFO = INCLUDE_SOURCE;
				MTL_FAST_MATH = YES;
				ONLY_ACTIVE_ARCH = YES;
				SDKROOT = iphoneos;
				SWIFT_ACTIVE_COMPILATION_CONDITIONS = DEBUG;
				SWIFT_OPTIMIZATION_LEVEL = "-Onone";
			};
			name = Debug;
		};
		FEB055072847FCC3001DF78D /* Release */ = {
			isa = XCBuildConfiguration;
			buildSettings = {
				ALWAYS_SEARCH_USER_PATHS = NO;
				CLANG_ANALYZER_NONNULL = YES;
				CLANG_ANALYZER_NUMBER_OBJECT_CONVERSION = YES_AGGRESSIVE;
				CLANG_CXX_LANGUAGE_STANDARD = "gnu++17";
				CLANG_CXX_LIBRARY = "libc++";
				CLANG_ENABLE_MODULES = YES;
				CLANG_ENABLE_OBJC_ARC = YES;
				CLANG_ENABLE_OBJC_WEAK = YES;
				CLANG_WARN_BLOCK_CAPTURE_AUTORELEASING = YES;
				CLANG_WARN_BOOL_CONVERSION = YES;
				CLANG_WARN_COMMA = YES;
				CLANG_WARN_CONSTANT_CONVERSION = YES;
				CLANG_WARN_DEPRECATED_OBJC_IMPLEMENTATIONS = YES;
				CLANG_WARN_DIRECT_OBJC_ISA_USAGE = YES_ERROR;
				CLANG_WARN_DOCUMENTATION_COMMENTS = YES;
				CLANG_WARN_EMPTY_BODY = YES;
				CLANG_WARN_ENUM_CONVERSION = YES;
				CLANG_WARN_INFINITE_RECURSION = YES;
				CLANG_WARN_INT_CONVERSION = YES;
				CLANG_WARN_NON_LITERAL_NULL_CONVERSION = YES;
				CLANG_WARN_OBJC_IMPLICIT_RETAIN_SELF = YES;
				CLANG_WARN_OBJC_LITERAL_CONVERSION = YES;
				CLANG_WARN_OBJC_ROOT_CLASS = YES_ERROR;
				CLANG_WARN_QUOTED_INCLUDE_IN_FRAMEWORK_HEADER = YES;
				CLANG_WARN_RANGE_LOOP_ANALYSIS = YES;
				CLANG_WARN_STRICT_PROTOTYPES = YES;
				CLANG_WARN_SUSPICIOUS_MOVE = YES;
				CLANG_WARN_UNGUARDED_AVAILABILITY = YES_AGGRESSIVE;
				CLANG_WARN_UNREACHABLE_CODE = YES;
				CLANG_WARN__DUPLICATE_METHOD_MATCH = YES;
				COPY_PHASE_STRIP = NO;
				DEBUG_INFORMATION_FORMAT = "dwarf-with-dsym";
				ENABLE_NS_ASSERTIONS = NO;
				ENABLE_STRICT_OBJC_MSGSEND = YES;
				GCC_C_LANGUAGE_STANDARD = gnu11;
				GCC_NO_COMMON_BLOCKS = YES;
				GCC_WARN_64_TO_32_BIT_CONVERSION = YES;
				GCC_WARN_ABOUT_RETURN_TYPE = YES_ERROR;
				GCC_WARN_UNDECLARED_SELECTOR = YES;
				GCC_WARN_UNINITIALIZED_AUTOS = YES_AGGRESSIVE;
				GCC_WARN_UNUSED_FUNCTION = YES;
				GCC_WARN_UNUSED_VARIABLE = YES;
				IPHONEOS_DEPLOYMENT_TARGET = 15.2;
				MTL_ENABLE_DEBUG_INFO = NO;
				MTL_FAST_MATH = YES;
				SDKROOT = iphoneos;
				SWIFT_COMPILATION_MODE = wholemodule;
				SWIFT_OPTIMIZATION_LEVEL = "-O";
				VALIDATE_PRODUCT = YES;
			};
			name = Release;
		};
		FEB055092847FCC3001DF78D /* Debug */ = {
			isa = XCBuildConfiguration;
			baseConfigurationReference = 9E476DF4BC0FAD0B1A8DC0EA /* Pods-CatsApp.debug.xcconfig */;
			buildSettings = {
				ASSETCATALOG_COMPILER_APPICON_NAME = AppIcon;
				ASSETCATALOG_COMPILER_GLOBAL_ACCENT_COLOR_NAME = AccentColor;
				CODE_SIGN_STYLE = Automatic;
				CURRENT_PROJECT_VERSION = 1;
				DEVELOPMENT_TEAM = UA9Q8RRP7P;
				GENERATE_INFOPLIST_FILE = YES;
				INFOPLIST_FILE = CatsApp/Info.plist;
				INFOPLIST_KEY_UIApplicationSupportsIndirectInputEvents = YES;
				INFOPLIST_KEY_UILaunchStoryboardName = LaunchScreen;
				INFOPLIST_KEY_UIMainStoryboardFile = Main;
				INFOPLIST_KEY_UISupportedInterfaceOrientations_iPad = "UIInterfaceOrientationPortrait UIInterfaceOrientationPortraitUpsideDown UIInterfaceOrientationLandscapeLeft UIInterfaceOrientationLandscapeRight";
				INFOPLIST_KEY_UISupportedInterfaceOrientations_iPhone = "UIInterfaceOrientationPortrait UIInterfaceOrientationLandscapeLeft UIInterfaceOrientationLandscapeRight";
				IPHONEOS_DEPLOYMENT_TARGET = 15.2;
				LD_RUNPATH_SEARCH_PATHS = (
					"$(inherited)",
					"@executable_path/Frameworks",
				);
				MARKETING_VERSION = 1.0;
				PRODUCT_BUNDLE_IDENTIFIER = BogdanovIA.CatsApp;
				PRODUCT_NAME = "$(TARGET_NAME)";
				SWIFT_EMIT_LOC_STRINGS = YES;
				SWIFT_VERSION = 5.0;
				TARGETED_DEVICE_FAMILY = "1,2";
			};
			name = Debug;
		};
		FEB0550A2847FCC3001DF78D /* Release */ = {
			isa = XCBuildConfiguration;
			baseConfigurationReference = B3F354BCBD57FE2478B6FD6D /* Pods-CatsApp.release.xcconfig */;
			buildSettings = {
				ASSETCATALOG_COMPILER_APPICON_NAME = AppIcon;
				ASSETCATALOG_COMPILER_GLOBAL_ACCENT_COLOR_NAME = AccentColor;
				CODE_SIGN_STYLE = Automatic;
				CURRENT_PROJECT_VERSION = 1;
				DEVELOPMENT_TEAM = UA9Q8RRP7P;
				GENERATE_INFOPLIST_FILE = YES;
				INFOPLIST_FILE = CatsApp/Info.plist;
				INFOPLIST_KEY_UIApplicationSupportsIndirectInputEvents = YES;
				INFOPLIST_KEY_UILaunchStoryboardName = LaunchScreen;
				INFOPLIST_KEY_UIMainStoryboardFile = Main;
				INFOPLIST_KEY_UISupportedInterfaceOrientations_iPad = "UIInterfaceOrientationPortrait UIInterfaceOrientationPortraitUpsideDown UIInterfaceOrientationLandscapeLeft UIInterfaceOrientationLandscapeRight";
				INFOPLIST_KEY_UISupportedInterfaceOrientations_iPhone = "UIInterfaceOrientationPortrait UIInterfaceOrientationLandscapeLeft UIInterfaceOrientationLandscapeRight";
				IPHONEOS_DEPLOYMENT_TARGET = 15.2;
				LD_RUNPATH_SEARCH_PATHS = (
					"$(inherited)",
					"@executable_path/Frameworks",
				);
				MARKETING_VERSION = 1.0;
				PRODUCT_BUNDLE_IDENTIFIER = BogdanovIA.CatsApp;
				PRODUCT_NAME = "$(TARGET_NAME)";
				SWIFT_EMIT_LOC_STRINGS = YES;
				SWIFT_VERSION = 5.0;
				TARGETED_DEVICE_FAMILY = "1,2";
			};
			name = Release;
		};
/* End XCBuildConfiguration section */

/* Begin XCConfigurationList section */
		FEB054EF2847FCC0001DF78D /* Build configuration list for PBXProject "CatsApp" */ = {
			isa = XCConfigurationList;
			buildConfigurations = (
				FEB055062847FCC3001DF78D /* Debug */,
				FEB055072847FCC3001DF78D /* Release */,
			);
			defaultConfigurationIsVisible = 0;
			defaultConfigurationName = Release;
		};
		FEB055082847FCC3001DF78D /* Build configuration list for PBXNativeTarget "CatsApp" */ = {
			isa = XCConfigurationList;
			buildConfigurations = (
				FEB055092847FCC3001DF78D /* Debug */,
				FEB0550A2847FCC3001DF78D /* Release */,
			);
			defaultConfigurationIsVisible = 0;
			defaultConfigurationName = Release;
		};
/* End XCConfigurationList section */
	};
	rootObject = FEB054EC2847FCC0001DF78D /* Project object */;
}
